// !$*UTF8*$!
{
	archiveVersion = 1;
	classes = {
	};
	objectVersion = 50;
	objects = {

/* Begin PBXBuildFile section */
		8D2C17E6221D54F7004F91C6 /* ApplicationSetting.swift in Sources */ = {isa = PBXBuildFile; fileRef = 8D2C17E5221D54F7004F91C6 /* ApplicationSetting.swift */; };
		8D77E23A221CA84E00C74284 /* AppDelegate.swift in Sources */ = {isa = PBXBuildFile; fileRef = 8D77E239221CA84E00C74284 /* AppDelegate.swift */; };
		8D77E23C221CA84E00C74284 /* art.scnassets in Resources */ = {isa = PBXBuildFile; fileRef = 8D77E23B221CA84E00C74284 /* art.scnassets */; };
		8D77E23E221CA84E00C74284 /* ViewController.swift in Sources */ = {isa = PBXBuildFile; fileRef = 8D77E23D221CA84E00C74284 /* ViewController.swift */; };
		8D77E241221CA84E00C74284 /* Main.storyboard in Resources */ = {isa = PBXBuildFile; fileRef = 8D77E23F221CA84E00C74284 /* Main.storyboard */; };
		8D77E243221CA85000C74284 /* Assets.xcassets in Resources */ = {isa = PBXBuildFile; fileRef = 8D77E242221CA85000C74284 /* Assets.xcassets */; };
		8D77E246221CA85000C74284 /* LaunchScreen.storyboard in Resources */ = {isa = PBXBuildFile; fileRef = 8D77E244221CA85000C74284 /* LaunchScreen.storyboard */; };
		8D77E251221CA85000C74284 /* SparkTests.swift in Sources */ = {isa = PBXBuildFile; fileRef = 8D77E250221CA85000C74284 /* SparkTests.swift */; };
		8D77E25C221CA85000C74284 /* SparkUITests.swift in Sources */ = {isa = PBXBuildFile; fileRef = 8D77E25B221CA85000C74284 /* SparkUITests.swift */; };
/* End PBXBuildFile section */

/* Begin PBXContainerItemProxy section */
		8D77E24D221CA85000C74284 /* PBXContainerItemProxy */ = {
			isa = PBXContainerItemProxy;
			containerPortal = 8D77E22E221CA84E00C74284 /* Project object */;
			proxyType = 1;
			remoteGlobalIDString = 8D77E235221CA84E00C74284;
			remoteInfo = Spark;
		};
		8D77E258221CA85000C74284 /* PBXContainerItemProxy */ = {
			isa = PBXContainerItemProxy;
			containerPortal = 8D77E22E221CA84E00C74284 /* Project object */;
			proxyType = 1;
			remoteGlobalIDString = 8D77E235221CA84E00C74284;
			remoteInfo = Spark;
		};
/* End PBXContainerItemProxy section */

/* Begin PBXFileReference section */
		8D2C17E5221D54F7004F91C6 /* ApplicationSetting.swift */ = {isa = PBXFileReference; lastKnownFileType = sourcecode.swift; path = ApplicationSetting.swift; sourceTree = "<group>"; };
		8D77E236221CA84E00C74284 /* Spark.app */ = {isa = PBXFileReference; explicitFileType = wrapper.application; includeInIndex = 0; path = Spark.app; sourceTree = BUILT_PRODUCTS_DIR; };
		8D77E239221CA84E00C74284 /* AppDelegate.swift */ = {isa = PBXFileReference; lastKnownFileType = sourcecode.swift; path = AppDelegate.swift; sourceTree = "<group>"; };
		8D77E23B221CA84E00C74284 /* art.scnassets */ = {isa = PBXFileReference; lastKnownFileType = wrapper.scnassets; path = art.scnassets; sourceTree = "<group>"; };
		8D77E23D221CA84E00C74284 /* ViewController.swift */ = {isa = PBXFileReference; lastKnownFileType = sourcecode.swift; path = ViewController.swift; sourceTree = "<group>"; };
		8D77E240221CA84E00C74284 /* Base */ = {isa = PBXFileReference; lastKnownFileType = file.storyboard; name = Base; path = Base.lproj/Main.storyboard; sourceTree = "<group>"; };
		8D77E242221CA85000C74284 /* Assets.xcassets */ = {isa = PBXFileReference; lastKnownFileType = folder.assetcatalog; path = Assets.xcassets; sourceTree = "<group>"; };
		8D77E245221CA85000C74284 /* Base */ = {isa = PBXFileReference; lastKnownFileType = file.storyboard; name = Base; path = Base.lproj/LaunchScreen.storyboard; sourceTree = "<group>"; };
		8D77E247221CA85000C74284 /* Info.plist */ = {isa = PBXFileReference; lastKnownFileType = text.plist.xml; path = Info.plist; sourceTree = "<group>"; };
		8D77E24C221CA85000C74284 /* SparkTests.xctest */ = {isa = PBXFileReference; explicitFileType = wrapper.cfbundle; includeInIndex = 0; path = SparkTests.xctest; sourceTree = BUILT_PRODUCTS_DIR; };
		8D77E250221CA85000C74284 /* SparkTests.swift */ = {isa = PBXFileReference; lastKnownFileType = sourcecode.swift; path = SparkTests.swift; sourceTree = "<group>"; };
		8D77E252221CA85000C74284 /* Info.plist */ = {isa = PBXFileReference; lastKnownFileType = text.plist.xml; path = Info.plist; sourceTree = "<group>"; };
		8D77E257221CA85000C74284 /* SparkUITests.xctest */ = {isa = PBXFileReference; explicitFileType = wrapper.cfbundle; includeInIndex = 0; path = SparkUITests.xctest; sourceTree = BUILT_PRODUCTS_DIR; };
		8D77E25B221CA85000C74284 /* SparkUITests.swift */ = {isa = PBXFileReference; lastKnownFileType = sourcecode.swift; path = SparkUITests.swift; sourceTree = "<group>"; };
		8D77E25D221CA85000C74284 /* Info.plist */ = {isa = PBXFileReference; lastKnownFileType = text.plist.xml; path = Info.plist; sourceTree = "<group>"; };
/* End PBXFileReference section */

/* Begin PBXFrameworksBuildPhase section */
		8D77E233221CA84E00C74284 /* Frameworks */ = {
			isa = PBXFrameworksBuildPhase;
			buildActionMask = 2147483647;
			files = (
			);
			runOnlyForDeploymentPostprocessing = 0;
		};
		8D77E249221CA85000C74284 /* Frameworks */ = {
			isa = PBXFrameworksBuildPhase;
			buildActionMask = 2147483647;
			files = (
			);
			runOnlyForDeploymentPostprocessing = 0;
		};
		8D77E254221CA85000C74284 /* Frameworks */ = {
			isa = PBXFrameworksBuildPhase;
			buildActionMask = 2147483647;
			files = (
			);
			runOnlyForDeploymentPostprocessing = 0;
		};
/* End PBXFrameworksBuildPhase section */

/* Begin PBXGroup section */
		8D2C17E1221D4BB8004F91C6 /* Modules */ = {
			isa = PBXGroup;
			children = (
				8D2C17E2221D54CB004F91C6 /* Setting */,
			);
			path = Modules;
			sourceTree = "<group>";
		};
		8D2C17E2221D54CB004F91C6 /* Setting */ = {
			isa = PBXGroup;
			children = (
				8D2C17E7221D5510004F91C6 /* Views */,
				8D2C17E4221D54DD004F91C6 /* Classes */,
			);
			path = Setting;
			sourceTree = "<group>";
		};
		8D2C17E4221D54DD004F91C6 /* Classes */ = {
			isa = PBXGroup;
			children = (
				8D2C17E5221D54F7004F91C6 /* ApplicationSetting.swift */,
			);
			path = Classes;
			sourceTree = "<group>";
		};
		8D2C17E7221D5510004F91C6 /* Views */ = {
			isa = PBXGroup;
			children = (
			);
			path = Views;
			sourceTree = "<group>";
		};
		8D77E22D221CA84E00C74284 = {
			isa = PBXGroup;
			children = (
				8D77E238221CA84E00C74284 /* Spark */,
				8D77E24F221CA85000C74284 /* SparkTests */,
				8D77E25A221CA85000C74284 /* SparkUITests */,
				8D77E237221CA84E00C74284 /* Products */,
			);
			sourceTree = "<group>";
		};
		8D77E237221CA84E00C74284 /* Products */ = {
			isa = PBXGroup;
			children = (
				8D77E236221CA84E00C74284 /* Spark.app */,
				8D77E24C221CA85000C74284 /* SparkTests.xctest */,
				8D77E257221CA85000C74284 /* SparkUITests.xctest */,
			);
			name = Products;
			sourceTree = "<group>";
		};
		8D77E238221CA84E00C74284 /* Spark */ = {
			isa = PBXGroup;
			children = (
				8D2C17E1221D4BB8004F91C6 /* Modules */,
				8D77E26A221CAB3500C74284 /* General */,
				8D77E269221CAAC900C74284 /* AppDelegate */,
				8D77E23B221CA84E00C74284 /* art.scnassets */,
				8D77E23D221CA84E00C74284 /* ViewController.swift */,
				8D77E23F221CA84E00C74284 /* Main.storyboard */,
				8D77E242221CA85000C74284 /* Assets.xcassets */,
				8D77E244221CA85000C74284 /* LaunchScreen.storyboard */,
				8D77E247221CA85000C74284 /* Info.plist */,
			);
			path = Spark;
			sourceTree = "<group>";
		};
		8D77E24F221CA85000C74284 /* SparkTests */ = {
			isa = PBXGroup;
			children = (
				8D77E250221CA85000C74284 /* SparkTests.swift */,
				8D77E252221CA85000C74284 /* Info.plist */,
			);
			path = SparkTests;
			sourceTree = "<group>";
		};
		8D77E25A221CA85000C74284 /* SparkUITests */ = {
			isa = PBXGroup;
			children = (
				8D77E25B221CA85000C74284 /* SparkUITests.swift */,
				8D77E25D221CA85000C74284 /* Info.plist */,
			);
			path = SparkUITests;
			sourceTree = "<group>";
		};
		8D77E269221CAAC900C74284 /* AppDelegate */ = {
			isa = PBXGroup;
			children = (
				8D77E239221CA84E00C74284 /* AppDelegate.swift */,
			);
			path = AppDelegate;
			sourceTree = "<group>";
		};
		8D77E26A221CAB3500C74284 /* General */ = {
			isa = PBXGroup;
			children = (
			);
			path = General;
			sourceTree = "<group>";
		};
/* End PBXGroup section */

/* Begin PBXNativeTarget section */
		8D77E235221CA84E00C74284 /* Spark */ = {
			isa = PBXNativeTarget;
			buildConfigurationList = 8D77E260221CA85000C74284 /* Build configuration list for PBXNativeTarget "Spark" */;
			buildPhases = (
				8D77E232221CA84E00C74284 /* Sources */,
				8D77E233221CA84E00C74284 /* Frameworks */,
				8D77E234221CA84E00C74284 /* Resources */,
				8D2C17DF221D3515004F91C6 /* ShellScript */,
			);
			buildRules = (
			);
			dependencies = (
			);
			name = Spark;
			productName = Spark;
			productReference = 8D77E236221CA84E00C74284 /* Spark.app */;
			productType = "com.apple.product-type.application";
		};
		8D77E24B221CA85000C74284 /* SparkTests */ = {
			isa = PBXNativeTarget;
			buildConfigurationList = 8D77E263221CA85000C74284 /* Build configuration list for PBXNativeTarget "SparkTests" */;
			buildPhases = (
				8D77E248221CA85000C74284 /* Sources */,
				8D77E249221CA85000C74284 /* Frameworks */,
				8D77E24A221CA85000C74284 /* Resources */,
			);
			buildRules = (
			);
			dependencies = (
				8D77E24E221CA85000C74284 /* PBXTargetDependency */,
			);
			name = SparkTests;
			productName = SparkTests;
			productReference = 8D77E24C221CA85000C74284 /* SparkTests.xctest */;
			productType = "com.apple.product-type.bundle.unit-test";
		};
		8D77E256221CA85000C74284 /* SparkUITests */ = {
			isa = PBXNativeTarget;
			buildConfigurationList = 8D77E266221CA85000C74284 /* Build configuration list for PBXNativeTarget "SparkUITests" */;
			buildPhases = (
				8D77E253221CA85000C74284 /* Sources */,
				8D77E254221CA85000C74284 /* Frameworks */,
				8D77E255221CA85000C74284 /* Resources */,
			);
			buildRules = (
			);
			dependencies = (
				8D77E259221CA85000C74284 /* PBXTargetDependency */,
			);
			name = SparkUITests;
			productName = SparkUITests;
			productReference = 8D77E257221CA85000C74284 /* SparkUITests.xctest */;
			productType = "com.apple.product-type.bundle.ui-testing";
		};
/* End PBXNativeTarget section */

/* Begin PBXProject section */
		8D77E22E221CA84E00C74284 /* Project object */ = {
			isa = PBXProject;
			attributes = {
				LastSwiftUpdateCheck = 1010;
				LastUpgradeCheck = 1010;
				ORGANIZATIONNAME = "Tarun Sudhams";
				TargetAttributes = {
					8D77E235221CA84E00C74284 = {
						CreatedOnToolsVersion = 10.1;
					};
					8D77E24B221CA85000C74284 = {
						CreatedOnToolsVersion = 10.1;
						TestTargetID = 8D77E235221CA84E00C74284;
					};
					8D77E256221CA85000C74284 = {
						CreatedOnToolsVersion = 10.1;
						TestTargetID = 8D77E235221CA84E00C74284;
					};
				};
			};
			buildConfigurationList = 8D77E231221CA84E00C74284 /* Build configuration list for PBXProject "Spark" */;
			compatibilityVersion = "Xcode 9.3";
			developmentRegion = en;
			hasScannedForEncodings = 0;
			knownRegions = (
				en,
				Base,
			);
			mainGroup = 8D77E22D221CA84E00C74284;
			productRefGroup = 8D77E237221CA84E00C74284 /* Products */;
			projectDirPath = "";
			projectRoot = "";
			targets = (
				8D77E235221CA84E00C74284 /* Spark */,
				8D77E24B221CA85000C74284 /* SparkTests */,
				8D77E256221CA85000C74284 /* SparkUITests */,
			);
		};
/* End PBXProject section */

/* Begin PBXResourcesBuildPhase section */
		8D77E234221CA84E00C74284 /* Resources */ = {
			isa = PBXResourcesBuildPhase;
			buildActionMask = 2147483647;
			files = (
				8D77E23C221CA84E00C74284 /* art.scnassets in Resources */,
				8D77E246221CA85000C74284 /* LaunchScreen.storyboard in Resources */,
				8D77E243221CA85000C74284 /* Assets.xcassets in Resources */,
				8D77E241221CA84E00C74284 /* Main.storyboard in Resources */,
			);
			runOnlyForDeploymentPostprocessing = 0;
		};
		8D77E24A221CA85000C74284 /* Resources */ = {
			isa = PBXResourcesBuildPhase;
			buildActionMask = 2147483647;
			files = (
			);
			runOnlyForDeploymentPostprocessing = 0;
		};
		8D77E255221CA85000C74284 /* Resources */ = {
			isa = PBXResourcesBuildPhase;
			buildActionMask = 2147483647;
			files = (
			);
			runOnlyForDeploymentPostprocessing = 0;
		};
/* End PBXResourcesBuildPhase section */

/* Begin PBXShellScriptBuildPhase section */
		8D2C17DF221D3515004F91C6 /* ShellScript */ = {
			isa = PBXShellScriptBuildPhase;
			buildActionMask = 2147483647;
			files = (
			);
			inputFileListPaths = (
			);
			inputPaths = (
			);
			outputFileListPaths = (
			);
			outputPaths = (
			);
			runOnlyForDeploymentPostprocessing = 0;
			shellPath = /bin/sh;
			shellScript = "# Type a script or drag a script file from your workspace to insert its path.\n";
		};
/* End PBXShellScriptBuildPhase section */

/* Begin PBXSourcesBuildPhase section */
		8D77E232221CA84E00C74284 /* Sources */ = {
			isa = PBXSourcesBuildPhase;
			buildActionMask = 2147483647;
			files = (
				8D2C17E6221D54F7004F91C6 /* ApplicationSetting.swift in Sources */,
				8D77E23E221CA84E00C74284 /* ViewController.swift in Sources */,
				8D77E23A221CA84E00C74284 /* AppDelegate.swift in Sources */,
			);
			runOnlyForDeploymentPostprocessing = 0;
		};
		8D77E248221CA85000C74284 /* Sources */ = {
			isa = PBXSourcesBuildPhase;
			buildActionMask = 2147483647;
			files = (
				8D77E251221CA85000C74284 /* SparkTests.swift in Sources */,
			);
			runOnlyForDeploymentPostprocessing = 0;
		};
		8D77E253221CA85000C74284 /* Sources */ = {
			isa = PBXSourcesBuildPhase;
			buildActionMask = 2147483647;
			files = (
				8D77E25C221CA85000C74284 /* SparkUITests.swift in Sources */,
			);
			runOnlyForDeploymentPostprocessing = 0;
		};
/* End PBXSourcesBuildPhase section */

/* Begin PBXTargetDependency section */
		8D77E24E221CA85000C74284 /* PBXTargetDependency */ = {
			isa = PBXTargetDependency;
			target = 8D77E235221CA84E00C74284 /* Spark */;
			targetProxy = 8D77E24D221CA85000C74284 /* PBXContainerItemProxy */;
		};
		8D77E259221CA85000C74284 /* PBXTargetDependency */ = {
			isa = PBXTargetDependency;
			target = 8D77E235221CA84E00C74284 /* Spark */;
			targetProxy = 8D77E258221CA85000C74284 /* PBXContainerItemProxy */;
		};
/* End PBXTargetDependency section */

/* Begin PBXVariantGroup section */
		8D77E23F221CA84E00C74284 /* Main.storyboard */ = {
			isa = PBXVariantGroup;
			children = (
				8D77E240221CA84E00C74284 /* Base */,
			);
			name = Main.storyboard;
			sourceTree = "<group>";
		};
		8D77E244221CA85000C74284 /* LaunchScreen.storyboard */ = {
			isa = PBXVariantGroup;
			children = (
				8D77E245221CA85000C74284 /* Base */,
			);
			name = LaunchScreen.storyboard;
			sourceTree = "<group>";
		};
/* End PBXVariantGroup section */

/* Begin XCBuildConfiguration section */
		8D77E25E221CA85000C74284 /* Debug */ = {
			isa = XCBuildConfiguration;
			buildSettings = {
				ALWAYS_SEARCH_USER_PATHS = NO;
				CLANG_ANALYZER_NONNULL = YES;
				CLANG_ANALYZER_NUMBER_OBJECT_CONVERSION = YES_AGGRESSIVE;
				CLANG_CXX_LANGUAGE_STANDARD = "gnu++14";
				CLANG_CXX_LIBRARY = "libc++";
				CLANG_ENABLE_MODULES = YES;
				CLANG_ENABLE_OBJC_ARC = YES;
				CLANG_ENABLE_OBJC_WEAK = YES;
				CLANG_WARN_BLOCK_CAPTURE_AUTORELEASING = YES;
				CLANG_WARN_BOOL_CONVERSION = YES;
				CLANG_WARN_COMMA = YES;
				CLANG_WARN_CONSTANT_CONVERSION = YES;
				CLANG_WARN_DEPRECATED_OBJC_IMPLEMENTATIONS = YES;
				CLANG_WARN_DIRECT_OBJC_ISA_USAGE = YES_ERROR;
				CLANG_WARN_DOCUMENTATION_COMMENTS = YES;
				CLANG_WARN_EMPTY_BODY = YES;
				CLANG_WARN_ENUM_CONVERSION = YES;
				CLANG_WARN_INFINITE_RECURSION = YES;
				CLANG_WARN_INT_CONVERSION = YES;
				CLANG_WARN_NON_LITERAL_NULL_CONVERSION = YES;
				CLANG_WARN_OBJC_IMPLICIT_RETAIN_SELF = YES;
				CLANG_WARN_OBJC_LITERAL_CONVERSION = YES;
				CLANG_WARN_OBJC_ROOT_CLASS = YES_ERROR;
				CLANG_WARN_RANGE_LOOP_ANALYSIS = YES;
				CLANG_WARN_STRICT_PROTOTYPES = YES;
				CLANG_WARN_SUSPICIOUS_MOVE = YES;
				CLANG_WARN_UNGUARDED_AVAILABILITY = YES_AGGRESSIVE;
				CLANG_WARN_UNREACHABLE_CODE = YES;
				CLANG_WARN__DUPLICATE_METHOD_MATCH = YES;
				CODE_SIGN_IDENTITY = "iPhone Developer";
				COPY_PHASE_STRIP = NO;
				DEBUG_INFORMATION_FORMAT = dwarf;
				ENABLE_STRICT_OBJC_MSGSEND = YES;
				ENABLE_TESTABILITY = YES;
				GCC_C_LANGUAGE_STANDARD = gnu11;
				GCC_DYNAMIC_NO_PIC = NO;
				GCC_NO_COMMON_BLOCKS = YES;
				GCC_OPTIMIZATION_LEVEL = 0;
				GCC_PREPROCESSOR_DEFINITIONS = (
					"DEBUG=1",
					"$(inherited)",
				);
				GCC_WARN_64_TO_32_BIT_CONVERSION = YES;
				GCC_WARN_ABOUT_RETURN_TYPE = YES_ERROR;
				GCC_WARN_UNDECLARED_SELECTOR = YES;
				GCC_WARN_UNINITIALIZED_AUTOS = YES_AGGRESSIVE;
				GCC_WARN_UNUSED_FUNCTION = YES;
				GCC_WARN_UNUSED_VARIABLE = YES;
				IPHONEOS_DEPLOYMENT_TARGET = 12.1;
				MTL_ENABLE_DEBUG_INFO = INCLUDE_SOURCE;
				MTL_FAST_MATH = YES;
				ONLY_ACTIVE_ARCH = YES;
				SDKROOT = iphoneos;
				SWIFT_ACTIVE_COMPILATION_CONDITIONS = DEBUG;
				SWIFT_OPTIMIZATION_LEVEL = "-Onone";
			};
			name = Debug;
		};
		8D77E25F221CA85000C74284 /* Release */ = {
			isa = XCBuildConfiguration;
			buildSettings = {
				ALWAYS_SEARCH_USER_PATHS = NO;
				CLANG_ANALYZER_NONNULL = YES;
				CLANG_ANALYZER_NUMBER_OBJECT_CONVERSION = YES_AGGRESSIVE;
				CLANG_CXX_LANGUAGE_STANDARD = "gnu++14";
				CLANG_CXX_LIBRARY = "libc++";
				CLANG_ENABLE_MODULES = YES;
				CLANG_ENABLE_OBJC_ARC = YES;
				CLANG_ENABLE_OBJC_WEAK = YES;
				CLANG_WARN_BLOCK_CAPTURE_AUTORELEASING = YES;
				CLANG_WARN_BOOL_CONVERSION = YES;
				CLANG_WARN_COMMA = YES;
				CLANG_WARN_CONSTANT_CONVERSION = YES;
				CLANG_WARN_DEPRECATED_OBJC_IMPLEMENTATIONS = YES;
				CLANG_WARN_DIRECT_OBJC_ISA_USAGE = YES_ERROR;
				CLANG_WARN_DOCUMENTATION_COMMENTS = YES;
				CLANG_WARN_EMPTY_BODY = YES;
				CLANG_WARN_ENUM_CONVERSION = YES;
				CLANG_WARN_INFINITE_RECURSION = YES;
				CLANG_WARN_INT_CONVERSION = YES;
				CLANG_WARN_NON_LITERAL_NULL_CONVERSION = YES;
				CLANG_WARN_OBJC_IMPLICIT_RETAIN_SELF = YES;
				CLANG_WARN_OBJC_LITERAL_CONVERSION = YES;
				CLANG_WARN_OBJC_ROOT_CLASS = YES_ERROR;
				CLANG_WARN_RANGE_LOOP_ANALYSIS = YES;
				CLANG_WARN_STRICT_PROTOTYPES = YES;
				CLANG_WARN_SUSPICIOUS_MOVE = YES;
				CLANG_WARN_UNGUARDED_AVAILABILITY = YES_AGGRESSIVE;
				CLANG_WARN_UNREACHABLE_CODE = YES;
				CLANG_WARN__DUPLICATE_METHOD_MATCH = YES;
				CODE_SIGN_IDENTITY = "iPhone Developer";
				COPY_PHASE_STRIP = NO;
				DEBUG_INFORMATION_FORMAT = "dwarf-with-dsym";
				ENABLE_NS_ASSERTIONS = NO;
				ENABLE_STRICT_OBJC_MSGSEND = YES;
				GCC_C_LANGUAGE_STANDARD = gnu11;
				GCC_NO_COMMON_BLOCKS = YES;
				GCC_WARN_64_TO_32_BIT_CONVERSION = YES;
				GCC_WARN_ABOUT_RETURN_TYPE = YES_ERROR;
				GCC_WARN_UNDECLARED_SELECTOR = YES;
				GCC_WARN_UNINITIALIZED_AUTOS = YES_AGGRESSIVE;
				GCC_WARN_UNUSED_FUNCTION = YES;
				GCC_WARN_UNUSED_VARIABLE = YES;
				IPHONEOS_DEPLOYMENT_TARGET = 12.1;
				MTL_ENABLE_DEBUG_INFO = NO;
				MTL_FAST_MATH = YES;
				SDKROOT = iphoneos;
				SWIFT_COMPILATION_MODE = wholemodule;
				SWIFT_OPTIMIZATION_LEVEL = "-O";
				VALIDATE_PRODUCT = YES;
			};
			name = Release;
		};
		8D77E261221CA85000C74284 /* Debug */ = {
			isa = XCBuildConfiguration;
			buildSettings = {
				ASSETCATALOG_COMPILER_APPICON_NAME = AppIcon;
				CODE_SIGN_STYLE = Automatic;
				DEVELOPMENT_TEAM = SS9VPZDP2U;
				INFOPLIST_FILE = Spark/Info.plist;
				LD_RUNPATH_SEARCH_PATHS = (
					"$(inherited)",
					"@executable_path/Frameworks",
				);
				PRODUCT_BUNDLE_IDENTIFIER = tarunsudhams.Spark;
				PRODUCT_NAME = "$(TARGET_NAME)";
				SWIFT_VERSION = 4.2;
				TARGETED_DEVICE_FAMILY = "1,2";
			};
			name = Debug;
		};
		8D77E262221CA85000C74284 /* Release */ = {
			isa = XCBuildConfiguration;
			buildSettings = {
				ASSETCATALOG_COMPILER_APPICON_NAME = AppIcon;
				CODE_SIGN_STYLE = Automatic;
				DEVELOPMENT_TEAM = SS9VPZDP2U;
				INFOPLIST_FILE = Spark/Info.plist;
				LD_RUNPATH_SEARCH_PATHS = (
					"$(inherited)",
					"@executable_path/Frameworks",
				);
				PRODUCT_BUNDLE_IDENTIFIER = tarunsudhams.Spark;
				PRODUCT_NAME = "$(TARGET_NAME)";
				SWIFT_VERSION = 4.2;
				TARGETED_DEVICE_FAMILY = "1,2";
			};
			name = Release;
		};
		8D77E264221CA85000C74284 /* Debug */ = {
			isa = XCBuildConfiguration;
			buildSettings = {
				ALWAYS_EMBED_SWIFT_STANDARD_LIBRARIES = YES;
				BUNDLE_LOADER = "$(TEST_HOST)";
				CODE_SIGN_STYLE = Automatic;
				DEVELOPMENT_TEAM = SS9VPZDP2U;
				INFOPLIST_FILE = SparkTests/Info.plist;
				LD_RUNPATH_SEARCH_PATHS = (
					"$(inherited)",
					"@executable_path/Frameworks",
					"@loader_path/Frameworks",
				);
				PRODUCT_BUNDLE_IDENTIFIER = tarunsudhams.SparkTests;
				PRODUCT_NAME = "$(TARGET_NAME)";
				SWIFT_VERSION = 4.2;
				TARGETED_DEVICE_FAMILY = "1,2";
				TEST_HOST = "$(BUILT_PRODUCTS_DIR)/Spark.app/Spark";
			};
			name = Debug;
		};
		8D77E265221CA85000C74284 /* Release */ = {
			isa = XCBuildConfiguration;
			buildSettings = {
				ALWAYS_EMBED_SWIFT_STANDARD_LIBRARIES = YES;
				BUNDLE_LOADER = "$(TEST_HOST)";
				CODE_SIGN_STYLE = Automatic;
				DEVELOPMENT_TEAM = SS9VPZDP2U;
				INFOPLIST_FILE = SparkTests/Info.plist;
				LD_RUNPATH_SEARCH_PATHS = (
					"$(inherited)",
					"@executable_path/Frameworks",
					"@loader_path/Frameworks",
				);
				PRODUCT_BUNDLE_IDENTIFIER = tarunsudhams.SparkTests;
				PRODUCT_NAME = "$(TARGET_NAME)";
				SWIFT_VERSION = 4.2;
				TARGETED_DEVICE_FAMILY = "1,2";
				TEST_HOST = "$(BUILT_PRODUCTS_DIR)/Spark.app/Spark";
			};
			name = Release;
		};
		8D77E267221CA85000C74284 /* Debug */ = {
			isa = XCBuildConfiguration;
			buildSettings = {
				ALWAYS_EMBED_SWIFT_STANDARD_LIBRARIES = YES;
				CODE_SIGN_STYLE = Automatic;
				DEVELOPMENT_TEAM = SS9VPZDP2U;
				INFOPLIST_FILE = SparkUITests/Info.plist;
				LD_RUNPATH_SEARCH_PATHS = (
					"$(inherited)",
					"@executable_path/Frameworks",
					"@loader_path/Frameworks",
				);
				PRODUCT_BUNDLE_IDENTIFIER = tarunsudhams.SparkUITests;
				PRODUCT_NAME = "$(TARGET_NAME)";
				SWIFT_VERSION = 4.2;
				TARGETED_DEVICE_FAMILY = "1,2";
				TEST_TARGET_NAME = Spark;
			};
			name = Debug;
		};
		8D77E268221CA85000C74284 /* Release */ = {
			isa = XCBuildConfiguration;
			buildSettings = {
				ALWAYS_EMBED_SWIFT_STANDARD_LIBRARIES = YES;
				CODE_SIGN_STYLE = Automatic;
				DEVELOPMENT_TEAM = SS9VPZDP2U;
				INFOPLIST_FILE = SparkUITests/Info.plist;
				LD_RUNPATH_SEARCH_PATHS = (
					"$(inherited)",
					"@executable_path/Frameworks",
					"@loader_path/Frameworks",
				);
				PRODUCT_BUNDLE_IDENTIFIER = tarunsudhams.SparkUITests;
				PRODUCT_NAME = "$(TARGET_NAME)";
				SWIFT_VERSION = 4.2;
				TARGETED_DEVICE_FAMILY = "1,2";
				TEST_TARGET_NAME = Spark;
			};
			name = Release;
		};
/* End XCBuildConfiguration section */

/* Begin XCConfigurationList section */
		8D77E231221CA84E00C74284 /* Build configuration list for PBXProject "Spark" */ = {
			isa = XCConfigurationList;
			buildConfigurations = (
				8D77E25E221CA85000C74284 /* Debug */,
				8D77E25F221CA85000C74284 /* Release */,
			);
			defaultConfigurationIsVisible = 0;
			defaultConfigurationName = Release;
		};
		8D77E260221CA85000C74284 /* Build configuration list for PBXNativeTarget "Spark" */ = {
			isa = XCConfigurationList;
			buildConfigurations = (
				8D77E261221CA85000C74284 /* Debug */,
				8D77E262221CA85000C74284 /* Release */,
			);
			defaultConfigurationIsVisible = 0;
			defaultConfigurationName = Release;
		};
		8D77E263221CA85000C74284 /* Build configuration list for PBXNativeTarget "SparkTests" */ = {
			isa = XCConfigurationList;
			buildConfigurations = (
				8D77E264221CA85000C74284 /* Debug */,
				8D77E265221CA85000C74284 /* Release */,
			);
			defaultConfigurationIsVisible = 0;
			defaultConfigurationName = Release;
		};
		8D77E266221CA85000C74284 /* Build configuration list for PBXNativeTarget "SparkUITests" */ = {
			isa = XCConfigurationList;
			buildConfigurations = (
				8D77E267221CA85000C74284 /* Debug */,
				8D77E268221CA85000C74284 /* Release */,
			);
			defaultConfigurationIsVisible = 0;
			defaultConfigurationName = Release;
		};
/* End XCConfigurationList section */
	};
	rootObject = 8D77E22E221CA84E00C74284 /* Project object */;
}
