// !$*UTF8*$!
{
	archiveVersion = 1;
	classes = {
	};
	objectVersion = 50;
	objects = {

/* Begin PBXBuildFile section */
		8D2C17E6221D54F7004F91C6 /* ApplicationSetting.swift in Sources */ = {isa = PBXBuildFile; fileRef = 8D2C17E5221D54F7004F91C6 /* ApplicationSetting.swift */; };
		8D2C17EE221D57F2004F91C6 /* PlaneDetector.mm in Sources */ = {isa = PBXBuildFile; fileRef = 8D2C17ED221D57F2004F91C6 /* PlaneDetector.mm */; };
		8D2C17F0221D5965004F91C6 /* MeasurementUnit.swift in Sources */ = {isa = PBXBuildFile; fileRef = 8D2C17EF221D5965004F91C6 /* MeasurementUnit.swift */; };
		8D36A4A5221DA94F00B1D5F4 /* SparkString.strings in Resources */ = {isa = PBXBuildFile; fileRef = 8D36A4A4221DA94F00B1D5F4 /* SparkString.strings */; };
		8D36A4A7221DAC5A00B1D5F4 /* SettingViewController.swift in Sources */ = {isa = PBXBuildFile; fileRef = 8D36A4A6221DAC5A00B1D5F4 /* SettingViewController.swift */; };
		8D36A4A9221DAF6C00B1D5F4 /* SettingViewController.storyboard in Resources */ = {isa = PBXBuildFile; fileRef = 8D36A4A8221DAF6C00B1D5F4 /* SettingViewController.storyboard */; };
		8D36A4AB221DB45100B1D5F4 /* Plane.swift in Sources */ = {isa = PBXBuildFile; fileRef = 8D36A4AA221DB45100B1D5F4 /* Plane.swift */; };
		8D36A4AD221DB5A200B1D5F4 /* FocusSquare.swift in Sources */ = {isa = PBXBuildFile; fileRef = 8D36A4AC221DB5A200B1D5F4 /* FocusSquare.swift */; };
		8D36A4AF221DB6B800B1D5F4 /* CylinderLine.swift in Sources */ = {isa = PBXBuildFile; fileRef = 8D36A4AE221DB6B800B1D5F4 /* CylinderLine.swift */; };
		8D36A4B1221DB71100B1D5F4 /* LineNode.swift in Sources */ = {isa = PBXBuildFile; fileRef = 8D36A4B0221DB71100B1D5F4 /* LineNode.swift */; };
		8D36A4B3221DB77F00B1D5F4 /* LineSetNode.swift in Sources */ = {isa = PBXBuildFile; fileRef = 8D36A4B2221DB77F00B1D5F4 /* LineSetNode.swift */; };
		8D36A4B5221DB79900B1D5F4 /* PopButton.swift in Sources */ = {isa = PBXBuildFile; fileRef = 8D36A4B4221DB79900B1D5F4 /* PopButton.swift */; };
		8D36A4B7221DB7E500B1D5F4 /* SparkARProViewController.swift in Sources */ = {isa = PBXBuildFile; fileRef = 8D36A4B6221DB7E500B1D5F4 /* SparkARProViewController.swift */; };
		8D36A4BA221DB89400B1D5F4 /* UIView+Extension.swift in Sources */ = {isa = PBXBuildFile; fileRef = 8D36A4B9221DB89400B1D5F4 /* UIView+Extension.swift */; };
		8D36A4BC221DB8AA00B1D5F4 /* ARKit+Extension.swift in Sources */ = {isa = PBXBuildFile; fileRef = 8D36A4BB221DB8AA00B1D5F4 /* ARKit+Extension.swift */; };
		8D36A4BE221DB8EF00B1D5F4 /* SceneKit+Extension.swift in Sources */ = {isa = PBXBuildFile; fileRef = 8D36A4BD221DB8EF00B1D5F4 /* SceneKit+Extension.swift */; };
		8D36A4C0221DB91E00B1D5F4 /* CoreGraphics+Extension.swift in Sources */ = {isa = PBXBuildFile; fileRef = 8D36A4BF221DB91E00B1D5F4 /* CoreGraphics+Extension.swift */; };
		8D36A4C2221DB97500B1D5F4 /* Utilities.swift in Sources */ = {isa = PBXBuildFile; fileRef = 8D36A4C1221DB97500B1D5F4 /* Utilities.swift */; };
		8D36A4C4221DB9A200B1D5F4 /* UIAlertController+Dismiss.swift in Sources */ = {isa = PBXBuildFile; fileRef = 8D36A4C3221DB9A200B1D5F4 /* UIAlertController+Dismiss.swift */; };
		8D77E23A221CA84E00C74284 /* AppDelegate.swift in Sources */ = {isa = PBXBuildFile; fileRef = 8D77E239221CA84E00C74284 /* AppDelegate.swift */; };
		8D77E241221CA84E00C74284 /* LaunchScreen.storyboard in Resources */ = {isa = PBXBuildFile; fileRef = 8D77E23F221CA84E00C74284 /* LaunchScreen.storyboard */; };
		8D77E243221CA85000C74284 /* Assets.xcassets in Resources */ = {isa = PBXBuildFile; fileRef = 8D77E242221CA85000C74284 /* Assets.xcassets */; };
		8D8AFEC3221DD89500E44595 /* Default-568h@2x.png in Resources */ = {isa = PBXBuildFile; fileRef = 8D8AFEC2221DD89500E44595 /* Default-568h@2x.png */; };
		8DA35D70221DC34700634636 /* R.generated.swift in Sources */ = {isa = PBXBuildFile; fileRef = 8DA35D6F221DC34700634636 /* R.generated.swift */; };
		8DD906A6221D65E700C7A4C1 /* SetPoint.wav in Resources */ = {isa = PBXBuildFile; fileRef = 8DD906A5221D65E700C7A4C1 /* SetPoint.wav */; };
		EBFA94A6307A5E08F3D5B987 /* Pods_Spark.framework in Frameworks */ = {isa = PBXBuildFile; fileRef = 3E9017E19A876F4741FA3EA9 /* Pods_Spark.framework */; };
/* End PBXBuildFile section */

/* Begin PBXContainerItemProxy section */
		8D77E24D221CA85000C74284 /* PBXContainerItemProxy */ = {
			isa = PBXContainerItemProxy;
			containerPortal = 8D77E22E221CA84E00C74284 /* Project object */;
			proxyType = 1;
			remoteGlobalIDString = 8D77E235221CA84E00C74284;
			remoteInfo = Spark;
		};
		8D77E258221CA85000C74284 /* PBXContainerItemProxy */ = {
			isa = PBXContainerItemProxy;
			containerPortal = 8D77E22E221CA84E00C74284 /* Project object */;
			proxyType = 1;
			remoteGlobalIDString = 8D77E235221CA84E00C74284;
			remoteInfo = Spark;
		};
/* End PBXContainerItemProxy section */

/* Begin PBXFileReference section */
		3E9017E19A876F4741FA3EA9 /* Pods_Spark.framework */ = {isa = PBXFileReference; explicitFileType = wrapper.framework; includeInIndex = 0; path = Pods_Spark.framework; sourceTree = BUILT_PRODUCTS_DIR; };
		671A28AC713C6BC85763F479 /* Pods-Spark.release.xcconfig */ = {isa = PBXFileReference; includeInIndex = 1; lastKnownFileType = text.xcconfig; name = "Pods-Spark.release.xcconfig"; path = "Pods/Target Support Files/Pods-Spark/Pods-Spark.release.xcconfig"; sourceTree = "<group>"; };
		731A20CD4F7CF66522FC28D6 /* Pods-Spark.debug.xcconfig */ = {isa = PBXFileReference; includeInIndex = 1; lastKnownFileType = text.xcconfig; name = "Pods-Spark.debug.xcconfig"; path = "Pods/Target Support Files/Pods-Spark/Pods-Spark.debug.xcconfig"; sourceTree = "<group>"; };
		8D0B437B221DCA6C00C59E59 /* Spark-Bridging-Header.h */ = {isa = PBXFileReference; fileEncoding = 4; lastKnownFileType = sourcecode.c.h; name = "Spark-Bridging-Header.h"; path = "../../../../../../../../.Trash/Spark-Bridging-Header.h"; sourceTree = "<group>"; };
		8D0B437C221DCA7C00C59E59 /* Spark-Bridging-Header.h */ = {isa = PBXFileReference; lastKnownFileType = sourcecode.c.h; path = "Spark-Bridging-Header.h"; sourceTree = "<group>"; };
		8D2C17E5221D54F7004F91C6 /* ApplicationSetting.swift */ = {isa = PBXFileReference; lastKnownFileType = sourcecode.swift; path = ApplicationSetting.swift; sourceTree = "<group>"; };
		8D2C17EB221D57C4004F91C6 /* PlaneDetector.h */ = {isa = PBXFileReference; lastKnownFileType = sourcecode.c.h; path = PlaneDetector.h; sourceTree = "<group>"; };
		8D2C17ED221D57F2004F91C6 /* PlaneDetector.mm */ = {isa = PBXFileReference; lastKnownFileType = sourcecode.cpp.objcpp; path = PlaneDetector.mm; sourceTree = "<group>"; };
		8D2C17EF221D5965004F91C6 /* MeasurementUnit.swift */ = {isa = PBXFileReference; lastKnownFileType = sourcecode.swift; path = MeasurementUnit.swift; sourceTree = "<group>"; };
		8D36A4A4221DA94F00B1D5F4 /* SparkString.strings */ = {isa = PBXFileReference; lastKnownFileType = text.plist.strings; path = SparkString.strings; sourceTree = "<group>"; };
		8D36A4A6221DAC5A00B1D5F4 /* SettingViewController.swift */ = {isa = PBXFileReference; lastKnownFileType = sourcecode.swift; path = SettingViewController.swift; sourceTree = "<group>"; };
		8D36A4A8221DAF6C00B1D5F4 /* SettingViewController.storyboard */ = {isa = PBXFileReference; lastKnownFileType = file.storyboard; path = SettingViewController.storyboard; sourceTree = "<group>"; };
		8D36A4AA221DB45100B1D5F4 /* Plane.swift */ = {isa = PBXFileReference; lastKnownFileType = sourcecode.swift; path = Plane.swift; sourceTree = "<group>"; };
		8D36A4AC221DB5A200B1D5F4 /* FocusSquare.swift */ = {isa = PBXFileReference; lastKnownFileType = sourcecode.swift; path = FocusSquare.swift; sourceTree = "<group>"; };
		8D36A4AE221DB6B800B1D5F4 /* CylinderLine.swift */ = {isa = PBXFileReference; lastKnownFileType = sourcecode.swift; path = CylinderLine.swift; sourceTree = "<group>"; };
		8D36A4B0221DB71100B1D5F4 /* LineNode.swift */ = {isa = PBXFileReference; lastKnownFileType = sourcecode.swift; path = LineNode.swift; sourceTree = "<group>"; };
		8D36A4B2221DB77F00B1D5F4 /* LineSetNode.swift */ = {isa = PBXFileReference; lastKnownFileType = sourcecode.swift; path = LineSetNode.swift; sourceTree = "<group>"; };
		8D36A4B4221DB79900B1D5F4 /* PopButton.swift */ = {isa = PBXFileReference; lastKnownFileType = sourcecode.swift; path = PopButton.swift; sourceTree = "<group>"; };
		8D36A4B6221DB7E500B1D5F4 /* SparkARProViewController.swift */ = {isa = PBXFileReference; lastKnownFileType = sourcecode.swift; path = SparkARProViewController.swift; sourceTree = "<group>"; };
		8D36A4B9221DB89400B1D5F4 /* UIView+Extension.swift */ = {isa = PBXFileReference; lastKnownFileType = sourcecode.swift; path = "UIView+Extension.swift"; sourceTree = "<group>"; };
		8D36A4BB221DB8AA00B1D5F4 /* ARKit+Extension.swift */ = {isa = PBXFileReference; lastKnownFileType = sourcecode.swift; path = "ARKit+Extension.swift"; sourceTree = "<group>"; };
		8D36A4BD221DB8EF00B1D5F4 /* SceneKit+Extension.swift */ = {isa = PBXFileReference; lastKnownFileType = sourcecode.swift; path = "SceneKit+Extension.swift"; sourceTree = "<group>"; };
		8D36A4BF221DB91E00B1D5F4 /* CoreGraphics+Extension.swift */ = {isa = PBXFileReference; lastKnownFileType = sourcecode.swift; path = "CoreGraphics+Extension.swift"; sourceTree = "<group>"; };
		8D36A4C1221DB97500B1D5F4 /* Utilities.swift */ = {isa = PBXFileReference; lastKnownFileType = sourcecode.swift; path = Utilities.swift; sourceTree = "<group>"; };
		8D36A4C3221DB9A200B1D5F4 /* UIAlertController+Dismiss.swift */ = {isa = PBXFileReference; lastKnownFileType = sourcecode.swift; path = "UIAlertController+Dismiss.swift"; sourceTree = "<group>"; };
		8D77E236221CA84E00C74284 /* Spark.app */ = {isa = PBXFileReference; explicitFileType = wrapper.application; includeInIndex = 0; path = Spark.app; sourceTree = BUILT_PRODUCTS_DIR; };
		8D77E239221CA84E00C74284 /* AppDelegate.swift */ = {isa = PBXFileReference; lastKnownFileType = sourcecode.swift; path = AppDelegate.swift; sourceTree = "<group>"; };
		8D77E240221CA84E00C74284 /* Base */ = {isa = PBXFileReference; lastKnownFileType = file.storyboard; name = Base; path = Base.lproj/LaunchScreen.storyboard; sourceTree = "<group>"; };
		8D77E242221CA85000C74284 /* Assets.xcassets */ = {isa = PBXFileReference; lastKnownFileType = folder.assetcatalog; path = Assets.xcassets; sourceTree = "<group>"; };
		8D77E24C221CA85000C74284 /* SparkTests.xctest */ = {isa = PBXFileReference; explicitFileType = wrapper.cfbundle; includeInIndex = 0; path = SparkTests.xctest; sourceTree = BUILT_PRODUCTS_DIR; };
		8D77E257221CA85000C74284 /* SparkUITests.xctest */ = {isa = PBXFileReference; explicitFileType = wrapper.cfbundle; includeInIndex = 0; path = SparkUITests.xctest; sourceTree = BUILT_PRODUCTS_DIR; };
		8D8AFEC2221DD89500E44595 /* Default-568h@2x.png */ = {isa = PBXFileReference; lastKnownFileType = image.png; path = "Default-568h@2x.png"; sourceTree = "<group>"; };
		8DA35D6F221DC34700634636 /* R.generated.swift */ = {isa = PBXFileReference; lastKnownFileType = sourcecode.swift; path = R.generated.swift; sourceTree = "<group>"; };
		8DA35D71221DC39D00634636 /* OpenGLES.framework */ = {isa = PBXFileReference; lastKnownFileType = wrapper.framework; name = OpenGLES.framework; path = System/Library/Frameworks/OpenGLES.framework; sourceTree = SDKROOT; };
		8DA35D72221DC39D00634636 /* ARKit.framework */ = {isa = PBXFileReference; lastKnownFileType = wrapper.framework; name = ARKit.framework; path = System/Library/Frameworks/ARKit.framework; sourceTree = SDKROOT; };
		8DA35D73221DC39D00634636 /* SceneKit.framework */ = {isa = PBXFileReference; lastKnownFileType = wrapper.framework; name = SceneKit.framework; path = System/Library/Frameworks/SceneKit.framework; sourceTree = SDKROOT; };
		8DD906A5221D65E700C7A4C1 /* SetPoint.wav */ = {isa = PBXFileReference; lastKnownFileType = audio.wav; path = SetPoint.wav; sourceTree = "<group>"; };
/* End PBXFileReference section */

/* Begin PBXFrameworksBuildPhase section */
		8D77E233221CA84E00C74284 /* Frameworks */ = {
			isa = PBXFrameworksBuildPhase;
			buildActionMask = 2147483647;
			files = (
				EBFA94A6307A5E08F3D5B987 /* Pods_Spark.framework in Frameworks */,
			);
			runOnlyForDeploymentPostprocessing = 0;
		};
		8D77E249221CA85000C74284 /* Frameworks */ = {
			isa = PBXFrameworksBuildPhase;
			buildActionMask = 2147483647;
			files = (
			);
			runOnlyForDeploymentPostprocessing = 0;
		};
		8D77E254221CA85000C74284 /* Frameworks */ = {
			isa = PBXFrameworksBuildPhase;
			buildActionMask = 2147483647;
			files = (
			);
			runOnlyForDeploymentPostprocessing = 0;
		};
/* End PBXFrameworksBuildPhase section */

/* Begin PBXGroup section */
		8D2C17E1221D4BB8004F91C6 /* Modules */ = {
			isa = PBXGroup;
			children = (
				8D2C17E8221D5761004F91C6 /* Spark */,
				8D2C17E2221D54CB004F91C6 /* Setting */,
			);
			path = Modules;
			sourceTree = "<group>";
		};
		8D2C17E2221D54CB004F91C6 /* Setting */ = {
			isa = PBXGroup;
			children = (
				8D2C17E7221D5510004F91C6 /* Views */,
				8D2C17E4221D54DD004F91C6 /* Classes */,
				8D36A4A6221DAC5A00B1D5F4 /* SettingViewController.swift */,
				8D36A4A8221DAF6C00B1D5F4 /* SettingViewController.storyboard */,
			);
			path = Setting;
			sourceTree = "<group>";
		};
		8D2C17E4221D54DD004F91C6 /* Classes */ = {
			isa = PBXGroup;
			children = (
				8D2C17E5221D54F7004F91C6 /* ApplicationSetting.swift */,
			);
			path = Classes;
			sourceTree = "<group>";
		};
		8D2C17E7221D5510004F91C6 /* Views */ = {
			isa = PBXGroup;
			children = (
			);
			path = Views;
			sourceTree = "<group>";
		};
		8D2C17E8221D5761004F91C6 /* Spark */ = {
			isa = PBXGroup;
			children = (
				8D2C17EA221D5798004F91C6 /* Views */,
				8D2C17E9221D5793004F91C6 /* Classes */,
				8D36A4B6221DB7E500B1D5F4 /* SparkARProViewController.swift */,
			);
			path = Spark;
			sourceTree = "<group>";
		};
		8D2C17E9221D5793004F91C6 /* Classes */ = {
			isa = PBXGroup;
			children = (
				8D0B437C221DCA7C00C59E59 /* Spark-Bridging-Header.h */,
				8D2C17EB221D57C4004F91C6 /* PlaneDetector.h */,
				8D2C17ED221D57F2004F91C6 /* PlaneDetector.mm */,
				8D2C17EF221D5965004F91C6 /* MeasurementUnit.swift */,
				8D0B437B221DCA6C00C59E59 /* Spark-Bridging-Header.h */,
			);
			path = Classes;
			sourceTree = "<group>";
		};
		8D2C17EA221D5798004F91C6 /* Views */ = {
			isa = PBXGroup;
			children = (
				8D36A4AA221DB45100B1D5F4 /* Plane.swift */,
				8D36A4AC221DB5A200B1D5F4 /* FocusSquare.swift */,
				8D36A4AE221DB6B800B1D5F4 /* CylinderLine.swift */,
				8D36A4B0221DB71100B1D5F4 /* LineNode.swift */,
				8D36A4B2221DB77F00B1D5F4 /* LineSetNode.swift */,
				8D36A4B4221DB79900B1D5F4 /* PopButton.swift */,
			);
			path = Views;
			sourceTree = "<group>";
		};
		8D36A4B8221DB82A00B1D5F4 /* Category */ = {
			isa = PBXGroup;
			children = (
				8D36A4B9221DB89400B1D5F4 /* UIView+Extension.swift */,
				8D36A4BB221DB8AA00B1D5F4 /* ARKit+Extension.swift */,
				8D36A4BD221DB8EF00B1D5F4 /* SceneKit+Extension.swift */,
				8D36A4BF221DB91E00B1D5F4 /* CoreGraphics+Extension.swift */,
			);
			path = Category;
			sourceTree = "<group>";
		};
		8D77E22D221CA84E00C74284 = {
			isa = PBXGroup;
			children = (
				8D8AFEC2221DD89500E44595 /* Default-568h@2x.png */,
				8D77E238221CA84E00C74284 /* Spark */,
				8D77E237221CA84E00C74284 /* Products */,
				8DBEE6ECBE76BE68E9B8826A /* Frameworks */,
				ECD706749BA6F44E2AECC5E8 /* Pods */,
			);
			sourceTree = "<group>";
		};
		8D77E237221CA84E00C74284 /* Products */ = {
			isa = PBXGroup;
			children = (
				8D77E236221CA84E00C74284 /* Spark.app */,
				8D77E24C221CA85000C74284 /* SparkTests.xctest */,
				8D77E257221CA85000C74284 /* SparkUITests.xctest */,
			);
			name = Products;
			sourceTree = "<group>";
		};
		8D77E238221CA84E00C74284 /* Spark */ = {
			isa = PBXGroup;
			children = (
				8DD906A2221D646D00C7A4C1 /* Source */,
				8D2C17E1221D4BB8004F91C6 /* Modules */,
				8D77E26A221CAB3500C74284 /* General */,
				8D77E269221CAAC900C74284 /* AppDelegate */,
			);
			path = Spark;
			sourceTree = "<group>";
		};
		8D77E269221CAAC900C74284 /* AppDelegate */ = {
			isa = PBXGroup;
			children = (
				8D77E239221CA84E00C74284 /* AppDelegate.swift */,
			);
			path = AppDelegate;
			sourceTree = "<group>";
		};
		8D77E26A221CAB3500C74284 /* General */ = {
			isa = PBXGroup;
			children = (
				8D36A4B8221DB82A00B1D5F4 /* Category */,
				8D36A4C1221DB97500B1D5F4 /* Utilities.swift */,
				8D36A4C3221DB9A200B1D5F4 /* UIAlertController+Dismiss.swift */,
			);
			path = General;
			sourceTree = "<group>";
		};
		8DBEE6ECBE76BE68E9B8826A /* Frameworks */ = {
			isa = PBXGroup;
			children = (
				8DA35D72221DC39D00634636 /* ARKit.framework */,
				8DA35D71221DC39D00634636 /* OpenGLES.framework */,
				8DA35D73221DC39D00634636 /* SceneKit.framework */,
				3E9017E19A876F4741FA3EA9 /* Pods_Spark.framework */,
			);
			name = Frameworks;
			sourceTree = "<group>";
		};
		8DD906A2221D646D00C7A4C1 /* Source */ = {
			isa = PBXGroup;
			children = (
				8D77E242221CA85000C74284 /* Assets.xcassets */,
				8DA35D6F221DC34700634636 /* R.generated.swift */,
				8D77E23F221CA84E00C74284 /* LaunchScreen.storyboard */,
				8DD906A5221D65E700C7A4C1 /* SetPoint.wav */,
				8D36A4A4221DA94F00B1D5F4 /* SparkString.strings */,
			);
			path = Source;
			sourceTree = "<group>";
		};
		ECD706749BA6F44E2AECC5E8 /* Pods */ = {
			isa = PBXGroup;
			children = (
				731A20CD4F7CF66522FC28D6 /* Pods-Spark.debug.xcconfig */,
				671A28AC713C6BC85763F479 /* Pods-Spark.release.xcconfig */,
			);
			name = Pods;
			sourceTree = "<group>";
		};
/* End PBXGroup section */

/* Begin PBXNativeTarget section */
		8D77E235221CA84E00C74284 /* Spark */ = {
			isa = PBXNativeTarget;
			buildConfigurationList = 8D77E260221CA85000C74284 /* Build configuration list for PBXNativeTarget "Spark" */;
			buildPhases = (
				9A59F7F064595959DBB6918C /* [CP] Check Pods Manifest.lock */,
				8D77E232221CA84E00C74284 /* Sources */,
				8D77E233221CA84E00C74284 /* Frameworks */,
				8D77E234221CA84E00C74284 /* Resources */,
				8D2C17DF221D3515004F91C6 /* ShellScript */,
				35FCB7C28DE2D16C0EE79396 /* [CP] Embed Pods Frameworks */,
			);
			buildRules = (
			);
			dependencies = (
			);
			name = Spark;
			productName = Spark;
			productReference = 8D77E236221CA84E00C74284 /* Spark.app */;
			productType = "com.apple.product-type.application";
		};
		8D77E24B221CA85000C74284 /* SparkTests */ = {
			isa = PBXNativeTarget;
			buildConfigurationList = 8D77E263221CA85000C74284 /* Build configuration list for PBXNativeTarget "SparkTests" */;
			buildPhases = (
				8D77E248221CA85000C74284 /* Sources */,
				8D77E249221CA85000C74284 /* Frameworks */,
				8D77E24A221CA85000C74284 /* Resources */,
			);
			buildRules = (
			);
			dependencies = (
				8D77E24E221CA85000C74284 /* PBXTargetDependency */,
			);
			name = SparkTests;
			productName = SparkTests;
			productReference = 8D77E24C221CA85000C74284 /* SparkTests.xctest */;
			productType = "com.apple.product-type.bundle.unit-test";
		};
		8D77E256221CA85000C74284 /* SparkUITests */ = {
			isa = PBXNativeTarget;
			buildConfigurationList = 8D77E266221CA85000C74284 /* Build configuration list for PBXNativeTarget "SparkUITests" */;
			buildPhases = (
				8D77E253221CA85000C74284 /* Sources */,
				8D77E254221CA85000C74284 /* Frameworks */,
				8D77E255221CA85000C74284 /* Resources */,
			);
			buildRules = (
			);
			dependencies = (
				8D77E259221CA85000C74284 /* PBXTargetDependency */,
			);
			name = SparkUITests;
			productName = SparkUITests;
			productReference = 8D77E257221CA85000C74284 /* SparkUITests.xctest */;
			productType = "com.apple.product-type.bundle.ui-testing";
		};
/* End PBXNativeTarget section */

/* Begin PBXProject section */
		8D77E22E221CA84E00C74284 /* Project object */ = {
			isa = PBXProject;
			attributes = {
				LastSwiftUpdateCheck = 1010;
				LastUpgradeCheck = 1010;
				ORGANIZATIONNAME = "Tarun Sudhams";
				TargetAttributes = {
					8D77E235221CA84E00C74284 = {
						CreatedOnToolsVersion = 10.1;
						LastSwiftMigration = 1010;
					};
					8D77E24B221CA85000C74284 = {
						CreatedOnToolsVersion = 10.1;
						TestTargetID = 8D77E235221CA84E00C74284;
					};
					8D77E256221CA85000C74284 = {
						CreatedOnToolsVersion = 10.1;
						TestTargetID = 8D77E235221CA84E00C74284;
					};
				};
			};
			buildConfigurationList = 8D77E231221CA84E00C74284 /* Build configuration list for PBXProject "Spark" */;
			compatibilityVersion = "Xcode 9.3";
			developmentRegion = en;
			hasScannedForEncodings = 0;
			knownRegions = (
				en,
				Base,
			);
			mainGroup = 8D77E22D221CA84E00C74284;
			productRefGroup = 8D77E237221CA84E00C74284 /* Products */;
			projectDirPath = "";
			projectRoot = "";
			targets = (
				8D77E235221CA84E00C74284 /* Spark */,
				8D77E24B221CA85000C74284 /* SparkTests */,
				8D77E256221CA85000C74284 /* SparkUITests */,
			);
		};
/* End PBXProject section */

/* Begin PBXResourcesBuildPhase section */
		8D77E234221CA84E00C74284 /* Resources */ = {
			isa = PBXResourcesBuildPhase;
			buildActionMask = 2147483647;
			files = (
				8D77E243221CA85000C74284 /* Assets.xcassets in Resources */,
				8D77E241221CA84E00C74284 /* LaunchScreen.storyboard in Resources */,
				8D36A4A5221DA94F00B1D5F4 /* SparkString.strings in Resources */,
				8DD906A6221D65E700C7A4C1 /* SetPoint.wav in Resources */,
				8D36A4A9221DAF6C00B1D5F4 /* SettingViewController.storyboard in Resources */,
				8D8AFEC3221DD89500E44595 /* Default-568h@2x.png in Resources */,
			);
			runOnlyForDeploymentPostprocessing = 0;
		};
		8D77E24A221CA85000C74284 /* Resources */ = {
			isa = PBXResourcesBuildPhase;
			buildActionMask = 2147483647;
			files = (
			);
			runOnlyForDeploymentPostprocessing = 0;
		};
		8D77E255221CA85000C74284 /* Resources */ = {
			isa = PBXResourcesBuildPhase;
			buildActionMask = 2147483647;
			files = (
			);
			runOnlyForDeploymentPostprocessing = 0;
		};
/* End PBXResourcesBuildPhase section */

/* Begin PBXShellScriptBuildPhase section */
		35FCB7C28DE2D16C0EE79396 /* [CP] Embed Pods Frameworks */ = {
			isa = PBXShellScriptBuildPhase;
			buildActionMask = 2147483647;
			files = (
			);
			inputFileListPaths = (
			);
			inputPaths = (
				"${SRCROOT}/Pods/Target Support Files/Pods-Spark/Pods-Spark-frameworks.sh",
				"${BUILT_PRODUCTS_DIR}/R.swift.Library/Rswift.framework",
			);
			name = "[CP] Embed Pods Frameworks";
			outputFileListPaths = (
			);
			outputPaths = (
				"${TARGET_BUILD_DIR}/${FRAMEWORKS_FOLDER_PATH}/Rswift.framework",
			);
			runOnlyForDeploymentPostprocessing = 0;
			shellPath = /bin/sh;
			shellScript = "\"${SRCROOT}/Pods/Target Support Files/Pods-Spark/Pods-Spark-frameworks.sh\"\n";
			showEnvVarsInLog = 0;
		};
		8D2C17DF221D3515004F91C6 /* ShellScript */ = {
			isa = PBXShellScriptBuildPhase;
			buildActionMask = 2147483647;
			files = (
			);
			inputFileListPaths = (
			);
			inputPaths = (
				"$TEMP_DIR/rswift-lastrun",
			);
			outputFileListPaths = (
			);
			outputPaths = (
				/Users/janmajayamall/Desktop/Spark/Measure/Spark/Source/R.generated.swift,
			);
			runOnlyForDeploymentPostprocessing = 0;
			shellPath = /bin/sh;
			shellScript = "# Type a script or drag a script file from your workspace to insert its path.\n\"$PODS_ROOT/R.swift/rswift\" generate \"/Users/janmajayamall/Desktop/Spark/Measure/Spark/Source/R.generated.swift\"\n";
		};
		9A59F7F064595959DBB6918C /* [CP] Check Pods Manifest.lock */ = {
			isa = PBXShellScriptBuildPhase;
			buildActionMask = 2147483647;
			files = (
			);
			inputFileListPaths = (
			);
			inputPaths = (
				"${PODS_PODFILE_DIR_PATH}/Podfile.lock",
				"${PODS_ROOT}/Manifest.lock",
			);
			name = "[CP] Check Pods Manifest.lock";
			outputFileListPaths = (
			);
			outputPaths = (
				"$(DERIVED_FILE_DIR)/Pods-Spark-checkManifestLockResult.txt",
			);
			runOnlyForDeploymentPostprocessing = 0;
			shellPath = /bin/sh;
			shellScript = "diff \"${PODS_PODFILE_DIR_PATH}/Podfile.lock\" \"${PODS_ROOT}/Manifest.lock\" > /dev/null\nif [ $? != 0 ] ; then\n    # print error to STDERR\n    echo \"error: The sandbox is not in sync with the Podfile.lock. Run 'pod install' or update your CocoaPods installation.\" >&2\n    exit 1\nfi\n# This output is used by Xcode 'outputs' to avoid re-running this script phase.\necho \"SUCCESS\" > \"${SCRIPT_OUTPUT_FILE_0}\"\n";
			showEnvVarsInLog = 0;
		};
/* End PBXShellScriptBuildPhase section */

/* Begin PBXSourcesBuildPhase section */
		8D77E232221CA84E00C74284 /* Sources */ = {
			isa = PBXSourcesBuildPhase;
			buildActionMask = 2147483647;
			files = (
				8D2C17EE221D57F2004F91C6 /* PlaneDetector.mm in Sources */,
				8D36A4B5221DB79900B1D5F4 /* PopButton.swift in Sources */,
				8D2C17F0221D5965004F91C6 /* MeasurementUnit.swift in Sources */,
				8D36A4BC221DB8AA00B1D5F4 /* ARKit+Extension.swift in Sources */,
				8D36A4BA221DB89400B1D5F4 /* UIView+Extension.swift in Sources */,
				8DA35D70221DC34700634636 /* R.generated.swift in Sources */,
				8D36A4BE221DB8EF00B1D5F4 /* SceneKit+Extension.swift in Sources */,
				8D36A4B3221DB77F00B1D5F4 /* LineSetNode.swift in Sources */,
				8D36A4B1221DB71100B1D5F4 /* LineNode.swift in Sources */,
				8D2C17E6221D54F7004F91C6 /* ApplicationSetting.swift in Sources */,
				8D36A4AD221DB5A200B1D5F4 /* FocusSquare.swift in Sources */,
				8D36A4C4221DB9A200B1D5F4 /* UIAlertController+Dismiss.swift in Sources */,
				8D36A4B7221DB7E500B1D5F4 /* SparkARProViewController.swift in Sources */,
				8D36A4AF221DB6B800B1D5F4 /* CylinderLine.swift in Sources */,
				8D36A4C2221DB97500B1D5F4 /* Utilities.swift in Sources */,
				8D77E23A221CA84E00C74284 /* AppDelegate.swift in Sources */,
				8D36A4A7221DAC5A00B1D5F4 /* SettingViewController.swift in Sources */,
				8D36A4C0221DB91E00B1D5F4 /* CoreGraphics+Extension.swift in Sources */,
				8D36A4AB221DB45100B1D5F4 /* Plane.swift in Sources */,
			);
			runOnlyForDeploymentPostprocessing = 0;
		};
		8D77E248221CA85000C74284 /* Sources */ = {
			isa = PBXSourcesBuildPhase;
			buildActionMask = 2147483647;
			files = (
			);
			runOnlyForDeploymentPostprocessing = 0;
		};
		8D77E253221CA85000C74284 /* Sources */ = {
			isa = PBXSourcesBuildPhase;
			buildActionMask = 2147483647;
			files = (
			);
			runOnlyForDeploymentPostprocessing = 0;
		};
/* End PBXSourcesBuildPhase section */

/* Begin PBXTargetDependency section */
		8D77E24E221CA85000C74284 /* PBXTargetDependency */ = {
			isa = PBXTargetDependency;
			target = 8D77E235221CA84E00C74284 /* Spark */;
			targetProxy = 8D77E24D221CA85000C74284 /* PBXContainerItemProxy */;
		};
		8D77E259221CA85000C74284 /* PBXTargetDependency */ = {
			isa = PBXTargetDependency;
			target = 8D77E235221CA84E00C74284 /* Spark */;
			targetProxy = 8D77E258221CA85000C74284 /* PBXContainerItemProxy */;
		};
/* End PBXTargetDependency section */

/* Begin PBXVariantGroup section */
		8D77E23F221CA84E00C74284 /* LaunchScreen.storyboard */ = {
			isa = PBXVariantGroup;
			children = (
				8D77E240221CA84E00C74284 /* Base */,
			);
			name = LaunchScreen.storyboard;
			sourceTree = "<group>";
		};
/* End PBXVariantGroup section */

/* Begin XCBuildConfiguration section */
		8D77E25E221CA85000C74284 /* Debug */ = {
			isa = XCBuildConfiguration;
			buildSettings = {
				ALWAYS_SEARCH_USER_PATHS = NO;
				CLANG_ANALYZER_NONNULL = YES;
				CLANG_ANALYZER_NUMBER_OBJECT_CONVERSION = YES_AGGRESSIVE;
				CLANG_CXX_LANGUAGE_STANDARD = "gnu++14";
				CLANG_CXX_LIBRARY = "libc++";
				CLANG_ENABLE_MODULES = YES;
				CLANG_ENABLE_OBJC_ARC = YES;
				CLANG_ENABLE_OBJC_WEAK = YES;
				CLANG_WARN_BLOCK_CAPTURE_AUTORELEASING = YES;
				CLANG_WARN_BOOL_CONVERSION = YES;
				CLANG_WARN_COMMA = YES;
				CLANG_WARN_CONSTANT_CONVERSION = YES;
				CLANG_WARN_DEPRECATED_OBJC_IMPLEMENTATIONS = YES;
				CLANG_WARN_DIRECT_OBJC_ISA_USAGE = YES_ERROR;
				CLANG_WARN_DOCUMENTATION_COMMENTS = YES;
				CLANG_WARN_EMPTY_BODY = YES;
				CLANG_WARN_ENUM_CONVERSION = YES;
				CLANG_WARN_INFINITE_RECURSION = YES;
				CLANG_WARN_INT_CONVERSION = YES;
				CLANG_WARN_NON_LITERAL_NULL_CONVERSION = YES;
				CLANG_WARN_OBJC_IMPLICIT_RETAIN_SELF = YES;
				CLANG_WARN_OBJC_LITERAL_CONVERSION = YES;
				CLANG_WARN_OBJC_ROOT_CLASS = YES_ERROR;
				CLANG_WARN_RANGE_LOOP_ANALYSIS = YES;
				CLANG_WARN_STRICT_PROTOTYPES = YES;
				CLANG_WARN_SUSPICIOUS_MOVE = YES;
				CLANG_WARN_UNGUARDED_AVAILABILITY = YES_AGGRESSIVE;
				CLANG_WARN_UNREACHABLE_CODE = YES;
				CLANG_WARN__DUPLICATE_METHOD_MATCH = YES;
				CODE_SIGN_IDENTITY = "iPhone Developer";
				COPY_PHASE_STRIP = NO;
				DEBUG_INFORMATION_FORMAT = dwarf;
				ENABLE_STRICT_OBJC_MSGSEND = YES;
				ENABLE_TESTABILITY = YES;
				GCC_C_LANGUAGE_STANDARD = gnu11;
				GCC_DYNAMIC_NO_PIC = NO;
				GCC_NO_COMMON_BLOCKS = YES;
				GCC_OPTIMIZATION_LEVEL = 0;
				GCC_PREPROCESSOR_DEFINITIONS = (
					"DEBUG=1",
					"$(inherited)",
				);
				GCC_WARN_64_TO_32_BIT_CONVERSION = YES;
				GCC_WARN_ABOUT_RETURN_TYPE = YES_ERROR;
				GCC_WARN_UNDECLARED_SELECTOR = YES;
				GCC_WARN_UNINITIALIZED_AUTOS = YES_AGGRESSIVE;
				GCC_WARN_UNUSED_FUNCTION = YES;
				GCC_WARN_UNUSED_VARIABLE = YES;
				IPHONEOS_DEPLOYMENT_TARGET = 12.1;
				MTL_ENABLE_DEBUG_INFO = INCLUDE_SOURCE;
				MTL_FAST_MATH = YES;
				ONLY_ACTIVE_ARCH = YES;
				SDKROOT = iphoneos;
				SWIFT_ACTIVE_COMPILATION_CONDITIONS = DEBUG;
				SWIFT_OPTIMIZATION_LEVEL = "-Onone";
			};
			name = Debug;
		};
		8D77E25F221CA85000C74284 /* Release */ = {
			isa = XCBuildConfiguration;
			buildSettings = {
				ALWAYS_SEARCH_USER_PATHS = NO;
				CLANG_ANALYZER_NONNULL = YES;
				CLANG_ANALYZER_NUMBER_OBJECT_CONVERSION = YES_AGGRESSIVE;
				CLANG_CXX_LANGUAGE_STANDARD = "gnu++14";
				CLANG_CXX_LIBRARY = "libc++";
				CLANG_ENABLE_MODULES = YES;
				CLANG_ENABLE_OBJC_ARC = YES;
				CLANG_ENABLE_OBJC_WEAK = YES;
				CLANG_WARN_BLOCK_CAPTURE_AUTORELEASING = YES;
				CLANG_WARN_BOOL_CONVERSION = YES;
				CLANG_WARN_COMMA = YES;
				CLANG_WARN_CONSTANT_CONVERSION = YES;
				CLANG_WARN_DEPRECATED_OBJC_IMPLEMENTATIONS = YES;
				CLANG_WARN_DIRECT_OBJC_ISA_USAGE = YES_ERROR;
				CLANG_WARN_DOCUMENTATION_COMMENTS = YES;
				CLANG_WARN_EMPTY_BODY = YES;
				CLANG_WARN_ENUM_CONVERSION = YES;
				CLANG_WARN_INFINITE_RECURSION = YES;
				CLANG_WARN_INT_CONVERSION = YES;
				CLANG_WARN_NON_LITERAL_NULL_CONVERSION = YES;
				CLANG_WARN_OBJC_IMPLICIT_RETAIN_SELF = YES;
				CLANG_WARN_OBJC_LITERAL_CONVERSION = YES;
				CLANG_WARN_OBJC_ROOT_CLASS = YES_ERROR;
				CLANG_WARN_RANGE_LOOP_ANALYSIS = YES;
				CLANG_WARN_STRICT_PROTOTYPES = YES;
				CLANG_WARN_SUSPICIOUS_MOVE = YES;
				CLANG_WARN_UNGUARDED_AVAILABILITY = YES_AGGRESSIVE;
				CLANG_WARN_UNREACHABLE_CODE = YES;
				CLANG_WARN__DUPLICATE_METHOD_MATCH = YES;
				CODE_SIGN_IDENTITY = "iPhone Developer";
				COPY_PHASE_STRIP = NO;
				DEBUG_INFORMATION_FORMAT = "dwarf-with-dsym";
				ENABLE_NS_ASSERTIONS = NO;
				ENABLE_STRICT_OBJC_MSGSEND = YES;
				GCC_C_LANGUAGE_STANDARD = gnu11;
				GCC_NO_COMMON_BLOCKS = YES;
				GCC_WARN_64_TO_32_BIT_CONVERSION = YES;
				GCC_WARN_ABOUT_RETURN_TYPE = YES_ERROR;
				GCC_WARN_UNDECLARED_SELECTOR = YES;
				GCC_WARN_UNINITIALIZED_AUTOS = YES_AGGRESSIVE;
				GCC_WARN_UNUSED_FUNCTION = YES;
				GCC_WARN_UNUSED_VARIABLE = YES;
				IPHONEOS_DEPLOYMENT_TARGET = 12.1;
				MTL_ENABLE_DEBUG_INFO = NO;
				MTL_FAST_MATH = YES;
				SDKROOT = iphoneos;
				SWIFT_COMPILATION_MODE = wholemodule;
				SWIFT_OPTIMIZATION_LEVEL = "-O";
				VALIDATE_PRODUCT = YES;
			};
			name = Release;
		};
		8D77E261221CA85000C74284 /* Debug */ = {
			isa = XCBuildConfiguration;
			baseConfigurationReference = 731A20CD4F7CF66522FC28D6 /* Pods-Spark.debug.xcconfig */;
			buildSettings = {
				ASSETCATALOG_COMPILER_APPICON_NAME = AppIcon;
				CLANG_ENABLE_MODULES = YES;
				CODE_SIGN_STYLE = Automatic;
				DEVELOPMENT_TEAM = SS9VPZDP2U;
				INFOPLIST_FILE = Spark/Info.plist;
				LD_RUNPATH_SEARCH_PATHS = (
					"$(inherited)",
					"@executable_path/Frameworks",
				);
				PRODUCT_BUNDLE_IDENTIFIER = tarunsudhams.Spark;
				PRODUCT_NAME = "$(TARGET_NAME)";
				SWIFT_OBJC_BRIDGING_HEADER = "Spark/Modules/Spark/Classes/Spark-Bridging-Header.h";
				SWIFT_OPTIMIZATION_LEVEL = "-Onone";
				SWIFT_VERSION = 4.2;
				TARGETED_DEVICE_FAMILY = "1,2";
			};
			name = Debug;
		};
		8D77E262221CA85000C74284 /* Release */ = {
			isa = XCBuildConfiguration;
			baseConfigurationReference = 671A28AC713C6BC85763F479 /* Pods-Spark.release.xcconfig */;
			buildSettings = {
				ASSETCATALOG_COMPILER_APPICON_NAME = AppIcon;
				CLANG_ENABLE_MODULES = YES;
				CODE_SIGN_STYLE = Automatic;
				DEVELOPMENT_TEAM = SS9VPZDP2U;
				INFOPLIST_FILE = Spark/Info.plist;
				LD_RUNPATH_SEARCH_PATHS = (
					"$(inherited)",
					"@executable_path/Frameworks",
				);
				PRODUCT_BUNDLE_IDENTIFIER = tarunsudhams.Spark;
				PRODUCT_NAME = "$(TARGET_NAME)";
				SWIFT_OBJC_BRIDGING_HEADER = "Spark/Modules/Spark/Classes/Spark-Bridging-Header.h";
				SWIFT_VERSION = 4.2;
				TARGETED_DEVICE_FAMILY = "1,2";
			};
			name = Release;
		};
		8D77E264221CA85000C74284 /* Debug */ = {
			isa = XCBuildConfiguration;
			buildSettings = {
				ALWAYS_EMBED_SWIFT_STANDARD_LIBRARIES = YES;
				BUNDLE_LOADER = "$(TEST_HOST)";
				CODE_SIGN_STYLE = Automatic;
				DEVELOPMENT_TEAM = SS9VPZDP2U;
				INFOPLIST_FILE = SparkTests/Info.plist;
				LD_RUNPATH_SEARCH_PATHS = (
					"$(inherited)",
					"@executable_path/Frameworks",
					"@loader_path/Frameworks",
				);
				PRODUCT_BUNDLE_IDENTIFIER = tarunsudhams.SparkTests;
				PRODUCT_NAME = "$(TARGET_NAME)";
				SWIFT_VERSION = 4.2;
				TARGETED_DEVICE_FAMILY = "1,2";
				TEST_HOST = "$(BUILT_PRODUCTS_DIR)/Spark.app/Spark";
			};
			name = Debug;
		};
		8D77E265221CA85000C74284 /* Release */ = {
			isa = XCBuildConfiguration;
			buildSettings = {
				ALWAYS_EMBED_SWIFT_STANDARD_LIBRARIES = YES;
				BUNDLE_LOADER = "$(TEST_HOST)";
				CODE_SIGN_STYLE = Automatic;
				DEVELOPMENT_TEAM = SS9VPZDP2U;
				INFOPLIST_FILE = SparkTests/Info.plist;
				LD_RUNPATH_SEARCH_PATHS = (
					"$(inherited)",
					"@executable_path/Frameworks",
					"@loader_path/Frameworks",
				);
				PRODUCT_BUNDLE_IDENTIFIER = tarunsudhams.SparkTests;
				PRODUCT_NAME = "$(TARGET_NAME)";
				SWIFT_VERSION = 4.2;
				TARGETED_DEVICE_FAMILY = "1,2";
				TEST_HOST = "$(BUILT_PRODUCTS_DIR)/Spark.app/Spark";
			};
			name = Release;
		};
		8D77E267221CA85000C74284 /* Debug */ = {
			isa = XCBuildConfiguration;
			buildSettings = {
				ALWAYS_EMBED_SWIFT_STANDARD_LIBRARIES = YES;
				CODE_SIGN_STYLE = Automatic;
				DEVELOPMENT_TEAM = SS9VPZDP2U;
				INFOPLIST_FILE = SparkUITests/Info.plist;
				LD_RUNPATH_SEARCH_PATHS = (
					"$(inherited)",
					"@executable_path/Frameworks",
					"@loader_path/Frameworks",
				);
				PRODUCT_BUNDLE_IDENTIFIER = tarunsudhams.SparkUITests;
				PRODUCT_NAME = "$(TARGET_NAME)";
				SWIFT_VERSION = 4.2;
				TARGETED_DEVICE_FAMILY = "1,2";
				TEST_TARGET_NAME = Spark;
			};
			name = Debug;
		};
		8D77E268221CA85000C74284 /* Release */ = {
			isa = XCBuildConfiguration;
			buildSettings = {
				ALWAYS_EMBED_SWIFT_STANDARD_LIBRARIES = YES;
				CODE_SIGN_STYLE = Automatic;
				DEVELOPMENT_TEAM = SS9VPZDP2U;
				INFOPLIST_FILE = SparkUITests/Info.plist;
				LD_RUNPATH_SEARCH_PATHS = (
					"$(inherited)",
					"@executable_path/Frameworks",
					"@loader_path/Frameworks",
				);
				PRODUCT_BUNDLE_IDENTIFIER = tarunsudhams.SparkUITests;
				PRODUCT_NAME = "$(TARGET_NAME)";
				SWIFT_VERSION = 4.2;
				TARGETED_DEVICE_FAMILY = "1,2";
				TEST_TARGET_NAME = Spark;
			};
			name = Release;
		};
/* End XCBuildConfiguration section */

/* Begin XCConfigurationList section */
		8D77E231221CA84E00C74284 /* Build configuration list for PBXProject "Spark" */ = {
			isa = XCConfigurationList;
			buildConfigurations = (
				8D77E25E221CA85000C74284 /* Debug */,
				8D77E25F221CA85000C74284 /* Release */,
			);
			defaultConfigurationIsVisible = 0;
			defaultConfigurationName = Release;
		};
		8D77E260221CA85000C74284 /* Build configuration list for PBXNativeTarget "Spark" */ = {
			isa = XCConfigurationList;
			buildConfigurations = (
				8D77E261221CA85000C74284 /* Debug */,
				8D77E262221CA85000C74284 /* Release */,
			);
			defaultConfigurationIsVisible = 0;
			defaultConfigurationName = Release;
		};
		8D77E263221CA85000C74284 /* Build configuration list for PBXNativeTarget "SparkTests" */ = {
			isa = XCConfigurationList;
			buildConfigurations = (
				8D77E264221CA85000C74284 /* Debug */,
				8D77E265221CA85000C74284 /* Release */,
			);
			defaultConfigurationIsVisible = 0;
			defaultConfigurationName = Release;
		};
		8D77E266221CA85000C74284 /* Build configuration list for PBXNativeTarget "SparkUITests" */ = {
			isa = XCConfigurationList;
			buildConfigurations = (
				8D77E267221CA85000C74284 /* Debug */,
				8D77E268221CA85000C74284 /* Release */,
			);
			defaultConfigurationIsVisible = 0;
			defaultConfigurationName = Release;
		};
/* End XCConfigurationList section */
	};
	rootObject = 8D77E22E221CA84E00C74284 /* Project object */;
}
